{
  "name": "indent-detective",
  "version": "0.4.0",
  "lockfileVersion": 1,
  "requires": true,
  "dependencies": {
    "@types/atom": {
      "version": "1.40.1",
      "resolved": "https://registry.npmjs.org/@types/atom/-/atom-1.40.1.tgz",
      "integrity": "sha512-NPhcr7dQz36OYZpwIlFdCIiDJAu3QRw3Y197AXn986nxA9IiQIXMrIfh+E9z213rK0QoFXbRp6A13On+sn80kg==",
      "dev": true,
      "requires": {
        "@types/node": "*"
      }
    },
    "@types/node": {
      "version": "13.9.0",
      "resolved": "https://registry.npmjs.org/@types/node/-/node-13.9.0.tgz",
      "integrity": "sha512-0ARSQootUG1RljH2HncpsY2TJBfGQIKOOi7kxzUY6z54ePu/ZD+wJA8zI2Q6v8rol2qpG/rvqsReco8zNMPvhQ==",
      "dev": true
    },
    "atom-select-list": {
      "version": "0.7.2",
      "resolved": "https://registry.npmjs.org/atom-select-list/-/atom-select-list-0.7.2.tgz",
      "integrity": "sha512-a707OB1DhLGjzqtFrtMQKH7BBxFuCh8UBoUWxgFOrLrSwVh3g+/TlVPVDOz12+U0mDu3mIrnYLqQyhywQOTxhw==",
      "requires": {
        "etch": "^0.12.6",
        "fuzzaldrin": "^2.1.0"
      }
    },
    "etch": {
      "version": "0.12.8",
      "resolved": "https://registry.npmjs.org/etch/-/etch-0.12.8.tgz",
      "integrity": "sha512-dFLRe4wLroVtwzyy1vGlE3BSDZHiL0kZME5XgNGzZIULcYTvVno8vbiIleAesoKJmwWaxDTzG+4eppg2zk14JQ=="
    },
    "fuzzaldrin": {
      "version": "2.1.0",
      "resolved": "https://registry.npmjs.org/fuzzaldrin/-/fuzzaldrin-2.1.0.tgz",
      "integrity": "sha1-kCBMPi/appQbso0WZF1BgGOpDps="
    }
  }
}
